
Microsoft Visual Studio Solution File, Format Version 12.00
# Visual Studio Version 16
VisualStudioVersion = 16.0.29503.13
MinimumVisualStudioVersion = 10.0.40219.1
Project("{9A19103F-16F7-4668-BE54-9A1E7A4F7556}") = "HqPlusAssignment-Task1", "HqPlusAssignment-Task1\HqPlusAssignment-Task1.csproj", "{DA54E2EC-AD49-43BC-9D5D-C1D7F7FBBA4E}"
EndProject
Project("{FAE04EC0-301F-11D3-BF4B-00C04F79EFBC}") = "HqPlusAssignment-Task1.Tests", "HqPlusAssignment-Task1.Tests\HqPlusAssignment-Task1.Tests.csproj", "{FAF803FF-52A7-4AEA-A485-C4F294D4A051}"
EndProject
Global
	GlobalSection(SolutionConfigurationPlatforms) = preSolution
		Debug|Any CPU = Debug|Any CPU
		Release|Any CPU = Release|Any CPU
	EndGlobalSection
	GlobalSection(ProjectConfigurationPlatforms) = postSolution
		{DA54E2EC-AD49-43BC-9D5D-C1D7F7FBBA4E}.Debug|Any CPU.ActiveCfg = Debug|Any CPU
		{DA54E2EC-AD49-43BC-9D5D-C1D7F7FBBA4E}.Debug|Any CPU.Build.0 = Debug|Any CPU
		{DA54E2EC-AD49-43BC-9D5D-C1D7F7FBBA4E}.Release|Any CPU.ActiveCfg = Release|Any CPU
		{DA54E2EC-AD49-43BC-9D5D-C1D7F7FBBA4E}.Release|Any CPU.Build.0 = Release|Any CPU
		{FAF803FF-52A7-4AEA-A485-C4F294D4A051}.Debug|Any CPU.ActiveCfg = Debug|Any CPU
		{FAF803FF-52A7-4AEA-A485-C4F294D4A051}.Debug|Any CPU.Build.0 = Debug|Any CPU
		{FAF803FF-52A7-4AEA-A485-C4F294D4A051}.Release|Any CPU.ActiveCfg = Release|Any CPU
		{FAF803FF-52A7-4AEA-A485-C4F294D4A051}.Release|Any CPU.Build.0 = Release|Any CPU
	EndGlobalSection
	GlobalSection(SolutionProperties) = preSolution
		HideSolutionNode = FALSE
	EndGlobalSection
	GlobalSection(ExtensibilityGlobals) = postSolution
		SolutionGuid = {D8C1859B-F135-49B9-9265-109970D4EB06}
	EndGlobalSection
EndGlobal
